
Microsoft Visual Studio Solution File, Format Version 12.00
# Visual Studio Version 17
VisualStudioVersion = 17.1.32421.90
MinimumVisualStudioVersion = 10.0.40219.1
Project("{FAE04EC0-301F-11D3-BF4B-00C04F79EFBC}") = "StacksAndQueues", "StacksAndQueues.csproj", "{80F6DBBE-8E40-4EE7-AB1A-EC67AAE4D35F}"
EndProject
Global
	GlobalSection(SolutionConfigurationPlatforms) = preSolution
		Debug|Any CPU = Debug|Any CPU
		Release|Any CPU = Release|Any CPU
	EndGlobalSection
	GlobalSection(ProjectConfigurationPlatforms) = postSolution
		{80F6DBBE-8E40-4EE7-AB1A-EC67AAE4D35F}.Debug|Any CPU.ActiveCfg = Debug|Any CPU
		{80F6DBBE-8E40-4EE7-AB1A-EC67AAE4D35F}.Debug|Any CPU.Build.0 = Debug|Any CPU
		{80F6DBBE-8E40-4EE7-AB1A-EC67AAE4D35F}.Release|Any CPU.ActiveCfg = Release|Any CPU
		{80F6DBBE-8E40-4EE7-AB1A-EC67AAE4D35F}.Release|Any CPU.Build.0 = Release|Any CPU
	EndGlobalSection
	GlobalSection(SolutionProperties) = preSolution
		HideSolutionNode = FALSE
	EndGlobalSection
	GlobalSection(ExtensibilityGlobals) = postSolution
		SolutionGuid = {CEE1C71C-9B9B-4311-8860-E4697D770170}
	EndGlobalSection
EndGlobal
